// !$*UTF8*$!
{
	archiveVersion = 1;
	classes = {
	};
	objectVersion = 46;
	objects = {

/* Begin PBXBuildFile section */
		240DBE481E2B436800C7F96B /* Main.storyboard in Resources */ = {isa = PBXBuildFile; fileRef = 240DBE471E2B436800C7F96B /* Main.storyboard */; };
		24223EBF1E64A132006269CA /* bear.m4a in Resources */ = {isa = PBXBuildFile; fileRef = 24223E441E64A132006269CA /* bear.m4a */; };
		24223EC01E64A132006269CA /* beavel.m4a in Resources */ = {isa = PBXBuildFile; fileRef = 24223E451E64A132006269CA /* beavel.m4a */; };
		24223EC11E64A132006269CA /* cat.m4a in Resources */ = {isa = PBXBuildFile; fileRef = 24223E461E64A132006269CA /* cat.m4a */; };
		24223EC21E64A132006269CA /* cow.m4a in Resources */ = {isa = PBXBuildFile; fileRef = 24223E471E64A132006269CA /* cow.m4a */; };
		24223EC31E64A132006269CA /* dog.m4a in Resources */ = {isa = PBXBuildFile; fileRef = 24223E481E64A132006269CA /* dog.m4a */; };
		24223EC41E64A132006269CA /* elephant.m4a in Resources */ = {isa = PBXBuildFile; fileRef = 24223E491E64A132006269CA /* elephant.m4a */; };
		24223EC51E64A132006269CA /* giraffe.m4a in Resources */ = {isa = PBXBuildFile; fileRef = 24223E4A1E64A132006269CA /* giraffe.m4a */; };
		24223EC61E64A132006269CA /* hippopotamus.m4a in Resources */ = {isa = PBXBuildFile; fileRef = 24223E4B1E64A132006269CA /* hippopotamus.m4a */; };
		24223EC71E64A132006269CA /* lion.m4a in Resources */ = {isa = PBXBuildFile; fileRef = 24223E4C1E64A132006269CA /* lion.m4a */; };
		24223EC81E64A132006269CA /* mouse.m4a in Resources */ = {isa = PBXBuildFile; fileRef = 24223E4D1E64A132006269CA /* mouse.m4a */; };
		24223EC91E64A132006269CA /* owl.m4a in Resources */ = {isa = PBXBuildFile; fileRef = 24223E4E1E64A132006269CA /* owl.m4a */; };
		24223ECA1E64A132006269CA /* panther.m4a in Resources */ = {isa = PBXBuildFile; fileRef = 24223E4F1E64A132006269CA /* panther.m4a */; };
		24223ECB1E64A132006269CA /* pig.m4a in Resources */ = {isa = PBXBuildFile; fileRef = 24223E501E64A132006269CA /* pig.m4a */; };
		24223ECC1E64A132006269CA /* sheep.m4a in Resources */ = {isa = PBXBuildFile; fileRef = 24223E511E64A132006269CA /* sheep.m4a */; };
		24223ECD1E64A132006269CA /* squirrel.m4a in Resources */ = {isa = PBXBuildFile; fileRef = 24223E521E64A132006269CA /* squirrel.m4a */; };
		24223ECE1E64A132006269CA /* tiger.m4a in Resources */ = {isa = PBXBuildFile; fileRef = 24223E531E64A132006269CA /* tiger.m4a */; };
		24223ECF1E64A132006269CA /* dolphin.m4a in Resources */ = {isa = PBXBuildFile; fileRef = 24223E551E64A132006269CA /* dolphin.m4a */; };
		24223ED01E64A132006269CA /* fish.m4a in Resources */ = {isa = PBXBuildFile; fileRef = 24223E561E64A132006269CA /* fish.m4a */; };
		24223ED11E64A132006269CA /* hippocampus.m4a in Resources */ = {isa = PBXBuildFile; fileRef = 24223E571E64A132006269CA /* hippocampus.m4a */; };
		24223ED21E64A132006269CA /* orca.m4a in Resources */ = {isa = PBXBuildFile; fileRef = 24223E581E64A132006269CA /* orca.m4a */; };
		24223ED31E64A132006269CA /* seal.m4a in Resources */ = {isa = PBXBuildFile; fileRef = 24223E591E64A132006269CA /* seal.m4a */; };
		24223ED41E64A132006269CA /* seaTurtle.m4a in Resources */ = {isa = PBXBuildFile; fileRef = 24223E5A1E64A132006269CA /* seaTurtle.m4a */; };
		24223ED51E64A132006269CA /* shark.m4a in Resources */ = {isa = PBXBuildFile; fileRef = 24223E5B1E64A132006269CA /* shark.m4a */; };
		24223ED61E64A132006269CA /* swordfish.m4a in Resources */ = {isa = PBXBuildFile; fileRef = 24223E5C1E64A132006269CA /* swordfish.m4a */; };
		24223ED71E64A132006269CA /* whale.m4a in Resources */ = {isa = PBXBuildFile; fileRef = 24223E5D1E64A132006269CA /* whale.m4a */; };
		24223ED81E64A132006269CA /* london.m4a in Resources */ = {isa = PBXBuildFile; fileRef = 24223E5F1E64A132006269CA /* london.m4a */; };
		24223ED91E64A132006269CA /* moscow.m4a in Resources */ = {isa = PBXBuildFile; fileRef = 24223E601E64A132006269CA /* moscow.m4a */; };
		24223EDA1E64A132006269CA /* newYork.m4a in Resources */ = {isa = PBXBuildFile; fileRef = 24223E611E64A132006269CA /* newYork.m4a */; };
		24223EDB1E64A132006269CA /* paris.m4a in Resources */ = {isa = PBXBuildFile; fileRef = 24223E621E64A132006269CA /* paris.m4a */; };
		24223EDC1E64A132006269CA /* rome.m4a in Resources */ = {isa = PBXBuildFile; fileRef = 24223E631E64A132006269CA /* rome.m4a */; };
		24223EDD1E64A132006269CA /* sydney.m4a in Resources */ = {isa = PBXBuildFile; fileRef = 24223E641E64A132006269CA /* sydney.m4a */; };
		24223EDE1E64A132006269CA /* tokyo.m4a in Resources */ = {isa = PBXBuildFile; fileRef = 24223E651E64A132006269CA /* tokyo.m4a */; };
		24223EDF1E64A132006269CA /* washington.m4a in Resources */ = {isa = PBXBuildFile; fileRef = 24223E661E64A132006269CA /* washington.m4a */; };
		24223EE01E64A132006269CA /* Bells.m4a in Resources */ = {isa = PBXBuildFile; fileRef = 24223E681E64A132006269CA /* Bells.m4a */; };
		24223EE11E64A132006269CA /* Chimney.m4a in Resources */ = {isa = PBXBuildFile; fileRef = 24223E691E64A132006269CA /* Chimney.m4a */; };
		24223EE21E64A132006269CA /* ChristmasTree.m4a in Resources */ = {isa = PBXBuildFile; fileRef = 24223E6A1E64A132006269CA /* ChristmasTree.m4a */; };
		24223EE31E64A132006269CA /* Presents.m4a in Resources */ = {isa = PBXBuildFile; fileRef = 24223E6B1E64A132006269CA /* Presents.m4a */; };
		24223EE41E64A132006269CA /* SantaClaus.m4a in Resources */ = {isa = PBXBuildFile; fileRef = 24223E6C1E64A132006269CA /* SantaClaus.m4a */; };
		24223EE51E64A132006269CA /* Snowman.m4a in Resources */ = {isa = PBXBuildFile; fileRef = 24223E6D1E64A132006269CA /* Snowman.m4a */; };
		24223EE61E64A132006269CA /* Star.m4a in Resources */ = {isa = PBXBuildFile; fileRef = 24223E6E1E64A132006269CA /* Star.m4a */; };
		24223EE71E64A132006269CA /* black.m4a in Resources */ = {isa = PBXBuildFile; fileRef = 24223E701E64A132006269CA /* black.m4a */; };
		24223EE81E64A132006269CA /* blue.m4a in Resources */ = {isa = PBXBuildFile; fileRef = 24223E711E64A132006269CA /* blue.m4a */; };
		24223EE91E64A132006269CA /* brown.m4a in Resources */ = {isa = PBXBuildFile; fileRef = 24223E721E64A132006269CA /* brown.m4a */; };
		24223EEA1E64A132006269CA /* green.m4a in Resources */ = {isa = PBXBuildFile; fileRef = 24223E731E64A132006269CA /* green.m4a */; };
		24223EEB1E64A132006269CA /* grey.m4a in Resources */ = {isa = PBXBuildFile; fileRef = 24223E741E64A132006269CA /* grey.m4a */; };
		24223EEC1E64A132006269CA /* orange.m4a in Resources */ = {isa = PBXBuildFile; fileRef = 24223E751E64A132006269CA /* orange.m4a */; };
		24223EED1E64A132006269CA /* pink.m4a in Resources */ = {isa = PBXBuildFile; fileRef = 24223E761E64A132006269CA /* pink.m4a */; };
		24223EEE1E64A132006269CA /* purple.m4a in Resources */ = {isa = PBXBuildFile; fileRef = 24223E771E64A132006269CA /* purple.m4a */; };
		24223EEF1E64A132006269CA /* red.m4a in Resources */ = {isa = PBXBuildFile; fileRef = 24223E781E64A132006269CA /* red.m4a */; };
		24223EF01E64A132006269CA /* white.m4a in Resources */ = {isa = PBXBuildFile; fileRef = 24223E791E64A132006269CA /* white.m4a */; };
		24223EF11E64A132006269CA /* yellow.m4a in Resources */ = {isa = PBXBuildFile; fileRef = 24223E7A1E64A132006269CA /* yellow.m4a */; };
		24223EF21E64A132006269CA /* Amazing.m4a in Resources */ = {isa = PBXBuildFile; fileRef = 24223E7C1E64A132006269CA /* Amazing.m4a */; };
		24223EF31E64A132006269CA /* Awesome.m4a in Resources */ = {isa = PBXBuildFile; fileRef = 24223E7D1E64A132006269CA /* Awesome.m4a */; };
		24223EF41E64A132006269CA /* Fantastic.m4a in Resources */ = {isa = PBXBuildFile; fileRef = 24223E7E1E64A132006269CA /* Fantastic.m4a */; };
		24223EF51E64A132006269CA /* Great.m4a in Resources */ = {isa = PBXBuildFile; fileRef = 24223E7F1E64A132006269CA /* Great.m4a */; };
		24223EF61E64A132006269CA /* Incredible.m4a in Resources */ = {isa = PBXBuildFile; fileRef = 24223E801E64A132006269CA /* Incredible.m4a */; };
		24223EF71E64A132006269CA /* NiceJob.m4a in Resources */ = {isa = PBXBuildFile; fileRef = 24223E811E64A132006269CA /* NiceJob.m4a */; };
		24223EF81E64A132006269CA /* Ariel.m4a in Resources */ = {isa = PBXBuildFile; fileRef = 24223E831E64A132006269CA /* Ariel.m4a */; };
		24223EF91E64A132006269CA /* Aurora.m4a in Resources */ = {isa = PBXBuildFile; fileRef = 24223E841E64A132006269CA /* Aurora.m4a */; };
		24223EFA1E64A132006269CA /* Belle.m4a in Resources */ = {isa = PBXBuildFile; fileRef = 24223E851E64A132006269CA /* Belle.m4a */; };
		24223EFB1E64A132006269CA /* Cinderella.m4a in Resources */ = {isa = PBXBuildFile; fileRef = 24223E861E64A132006269CA /* Cinderella.m4a */; };
		24223EFC1E64A132006269CA /* Rapunzel.m4a in Resources */ = {isa = PBXBuildFile; fileRef = 24223E871E64A132006269CA /* Rapunzel.m4a */; };
		24223EFD1E64A132006269CA /* SnowWhite.m4a in Resources */ = {isa = PBXBuildFile; fileRef = 24223E881E64A132006269CA /* SnowWhite.m4a */; };
		24223EFE1E64A132006269CA /* Book.m4a in Resources */ = {isa = PBXBuildFile; fileRef = 24223E8A1E64A132006269CA /* Book.m4a */; };
		24223EFF1E64A132006269CA /* Glue.m4a in Resources */ = {isa = PBXBuildFile; fileRef = 24223E8B1E64A132006269CA /* Glue.m4a */; };
		24223F001E64A132006269CA /* Pen.m4a in Resources */ = {isa = PBXBuildFile; fileRef = 24223E8C1E64A132006269CA /* Pen.m4a */; };
		24223F011E64A132006269CA /* PencilCase.m4a in Resources */ = {isa = PBXBuildFile; fileRef = 24223E8D1E64A132006269CA /* PencilCase.m4a */; };
		24223F021E64A132006269CA /* School.m4a in Resources */ = {isa = PBXBuildFile; fileRef = 24223E8E1E64A132006269CA /* School.m4a */; };
		24223F031E64A132006269CA /* SchoolBag.m4a in Resources */ = {isa = PBXBuildFile; fileRef = 24223E8F1E64A132006269CA /* SchoolBag.m4a */; };
		24223F041E64A132006269CA /* Scissors.m4a in Resources */ = {isa = PBXBuildFile; fileRef = 24223E901E64A132006269CA /* Scissors.m4a */; };
		24223F051E64A132006269CA /* aggressive.m4a in Resources */ = {isa = PBXBuildFile; fileRef = 24223E921E64A132006269CA /* aggressive.m4a */; };
		24223F061E64A132006269CA /* angry.m4a in Resources */ = {isa = PBXBuildFile; fileRef = 24223E931E64A132006269CA /* angry.m4a */; };
		24223F071E64A132006269CA /* anxious.m4a in Resources */ = {isa = PBXBuildFile; fileRef = 24223E941E64A132006269CA /* anxious.m4a */; };
		24223F081E64A132006269CA /* bored.m4a in Resources */ = {isa = PBXBuildFile; fileRef = 24223E951E64A132006269CA /* bored.m4a */; };
		24223F091E64A132006269CA /* confused.m4a in Resources */ = {isa = PBXBuildFile; fileRef = 24223E961E64A132006269CA /* confused.m4a */; };
		24223F0A1E64A132006269CA /* embarassed.m4a in Resources */ = {isa = PBXBuildFile; fileRef = 24223E971E64A132006269CA /* embarassed.m4a */; };
		24223F0B1E64A132006269CA /* excited.m4a in Resources */ = {isa = PBXBuildFile; fileRef = 24223E981E64A132006269CA /* excited.m4a */; };
		24223F0C1E64A132006269CA /* frustrated.m4a in Resources */ = {isa = PBXBuildFile; fileRef = 24223E991E64A132006269CA /* frustrated.m4a */; };
		24223F0D1E64A132006269CA /* happy.m4a in Resources */ = {isa = PBXBuildFile; fileRef = 24223E9A1E64A132006269CA /* happy.m4a */; };
		24223F0E1E64A132006269CA /* hurt.m4a in Resources */ = {isa = PBXBuildFile; fileRef = 24223E9B1E64A132006269CA /* hurt.m4a */; };
		24223F0F1E64A132006269CA /* sad.m4a in Resources */ = {isa = PBXBuildFile; fileRef = 24223E9C1E64A132006269CA /* sad.m4a */; };
		24223F101E64A132006269CA /* scared.m4a in Resources */ = {isa = PBXBuildFile; fileRef = 24223E9D1E64A132006269CA /* scared.m4a */; };
		24223F111E64A132006269CA /* sick.m4a in Resources */ = {isa = PBXBuildFile; fileRef = 24223E9E1E64A132006269CA /* sick.m4a */; };
		24223F121E64A132006269CA /* surprised.m4a in Resources */ = {isa = PBXBuildFile; fileRef = 24223E9F1E64A132006269CA /* surprised.m4a */; };
		24223F131E64A132006269CA /* tired.m4a in Resources */ = {isa = PBXBuildFile; fileRef = 24223EA01E64A132006269CA /* tired.m4a */; };
		24223F141E64A132006269CA /* actor.m4a in Resources */ = {isa = PBXBuildFile; fileRef = 24223EA21E64A132006269CA /* actor.m4a */; };
		24223F151E64A132006269CA /* baker.m4a in Resources */ = {isa = PBXBuildFile; fileRef = 24223EA31E64A132006269CA /* baker.m4a */; };
		24223F161E64A132006269CA /* butcher.m4a in Resources */ = {isa = PBXBuildFile; fileRef = 24223EA41E64A132006269CA /* butcher.m4a */; };
		24223F171E64A132006269CA /* doctor.m4a in Resources */ = {isa = PBXBuildFile; fileRef = 24223EA51E64A132006269CA /* doctor.m4a */; };
		24223F181E64A132006269CA /* fireman.m4a in Resources */ = {isa = PBXBuildFile; fileRef = 24223EA61E64A132006269CA /* fireman.m4a */; };
		24223F191E64A132006269CA /* nurse.m4a in Resources */ = {isa = PBXBuildFile; fileRef = 24223EA71E64A132006269CA /* nurse.m4a */; };
		24223F1A1E64A132006269CA /* policeman.m4a in Resources */ = {isa = PBXBuildFile; fileRef = 24223EA81E64A132006269CA /* policeman.m4a */; };
		24223F1B1E64A132006269CA /* postman.m4a in Resources */ = {isa = PBXBuildFile; fileRef = 24223EA91E64A132006269CA /* postman.m4a */; };
		24223F1C1E64A132006269CA /* teacher.m4a in Resources */ = {isa = PBXBuildFile; fileRef = 24223EAA1E64A132006269CA /* teacher.m4a */; };
		24223F1D1E64A132006269CA /* waiter.m4a in Resources */ = {isa = PBXBuildFile; fileRef = 24223EAB1E64A132006269CA /* waiter.m4a */; };
		24223F1E1E64A132006269CA /* 0.m4a in Resources */ = {isa = PBXBuildFile; fileRef = 24223EAD1E64A132006269CA /* 0.m4a */; };
		24223F1F1E64A132006269CA /* 1.m4a in Resources */ = {isa = PBXBuildFile; fileRef = 24223EAE1E64A132006269CA /* 1.m4a */; };
		24223F201E64A132006269CA /* 2.m4a in Resources */ = {isa = PBXBuildFile; fileRef = 24223EAF1E64A132006269CA /* 2.m4a */; };
		24223F211E64A132006269CA /* 3.m4a in Resources */ = {isa = PBXBuildFile; fileRef = 24223EB01E64A132006269CA /* 3.m4a */; };
		24223F221E64A132006269CA /* 4.m4a in Resources */ = {isa = PBXBuildFile; fileRef = 24223EB11E64A132006269CA /* 4.m4a */; };
		24223F231E64A132006269CA /* 5.m4a in Resources */ = {isa = PBXBuildFile; fileRef = 24223EB21E64A132006269CA /* 5.m4a */; };
		24223F241E64A132006269CA /* 6.m4a in Resources */ = {isa = PBXBuildFile; fileRef = 24223EB31E64A132006269CA /* 6.m4a */; };
		24223F251E64A132006269CA /* 7.m4a in Resources */ = {isa = PBXBuildFile; fileRef = 24223EB41E64A132006269CA /* 7.m4a */; };
		24223F261E64A132006269CA /* 8.m4a in Resources */ = {isa = PBXBuildFile; fileRef = 24223EB51E64A132006269CA /* 8.m4a */; };
		24223F271E64A132006269CA /* 9.m4a in Resources */ = {isa = PBXBuildFile; fileRef = 24223EB61E64A132006269CA /* 9.m4a */; };
		24223F281E64A132006269CA /* behind.m4a in Resources */ = {isa = PBXBuildFile; fileRef = 24223EB81E64A132006269CA /* behind.m4a */; };
		24223F291E64A132006269CA /* between.m4a in Resources */ = {isa = PBXBuildFile; fileRef = 24223EB91E64A132006269CA /* between.m4a */; };
		24223F2A1E64A132006269CA /* in.m4a in Resources */ = {isa = PBXBuildFile; fileRef = 24223EBA1E64A132006269CA /* in.m4a */; };
		24223F2B1E64A132006269CA /* inFrontOf.m4a in Resources */ = {isa = PBXBuildFile; fileRef = 24223EBB1E64A132006269CA /* inFrontOf.m4a */; };
		24223F2C1E64A132006269CA /* nextTo.m4a in Resources */ = {isa = PBXBuildFile; fileRef = 24223EBC1E64A132006269CA /* nextTo.m4a */; };
		24223F2D1E64A132006269CA /* on.m4a in Resources */ = {isa = PBXBuildFile; fileRef = 24223EBD1E64A132006269CA /* on.m4a */; };
		24223F2E1E64A132006269CA /* under.m4a in Resources */ = {isa = PBXBuildFile; fileRef = 24223EBE1E64A132006269CA /* under.m4a */; };
		243C6C1D1E2116B300EE9AB2 /* ModeleTheme.swift in Sources */ = {isa = PBXBuildFile; fileRef = 243C6C1C1E2116B300EE9AB2 /* ModeleTheme.swift */; };
		243C6C201E21194600EE9AB2 /* DALTheme.swift in Sources */ = {isa = PBXBuildFile; fileRef = 243C6C1F1E21194600EE9AB2 /* DALTheme.swift */; };
		243C6C271E2165C500EE9AB2 /* school.ttf in Resources */ = {isa = PBXBuildFile; fileRef = 243C6C261E2165C500EE9AB2 /* school.ttf */; };
		243C6C2D1E21E3B100EE9AB2 /* PutInOrderViewController.swift in Sources */ = {isa = PBXBuildFile; fileRef = 243C6C2C1E21E3B100EE9AB2 /* PutInOrderViewController.swift */; };
		249D8E551E0AC0DF0044E90B /* VocabularyViewController.swift in Sources */ = {isa = PBXBuildFile; fileRef = 249D8E541E0AC0DF0044E90B /* VocabularyViewController.swift */; };
		249D8E571E0AFD5A0044E90B /* MatchViewController.swift in Sources */ = {isa = PBXBuildFile; fileRef = 249D8E561E0AFD5A0044E90B /* MatchViewController.swift */; };
		24B2CA311E09BB2C0005982D /* AppDelegate.swift in Sources */ = {isa = PBXBuildFile; fileRef = 24B2CA301E09BB2C0005982D /* AppDelegate.swift */; };
		24B2CA331E09BB2C0005982D /* ExoSelectionViewController.swift in Sources */ = {isa = PBXBuildFile; fileRef = 24B2CA321E09BB2C0005982D /* ExoSelectionViewController.swift */; };
		24B2CA381E09BB2C0005982D /* Assets.xcassets in Resources */ = {isa = PBXBuildFile; fileRef = 24B2CA371E09BB2C0005982D /* Assets.xcassets */; };
		24B2CA3B1E09BB2C0005982D /* LaunchScreen.storyboard in Resources */ = {isa = PBXBuildFile; fileRef = 24B2CA391E09BB2C0005982D /* LaunchScreen.storyboard */; };
		24DD0DEE1E1E79DF00865290 /* Shuffle.swift in Sources */ = {isa = PBXBuildFile; fileRef = 24DD0DED1E1E79DF00865290 /* Shuffle.swift */; };
		24DD0DF01E1E7F6700865290 /* Vocabulary.swift in Sources */ = {isa = PBXBuildFile; fileRef = 24DD0DEF1E1E7F6700865290 /* Vocabulary.swift */; };
		24DD0DF21E1E858600865290 /* Theme.swift in Sources */ = {isa = PBXBuildFile; fileRef = 24DD0DF11E1E858600865290 /* Theme.swift */; };
		24DD0E0C1E1EEE9000865290 /* ThemeSelectionViewController.swift in Sources */ = {isa = PBXBuildFile; fileRef = 24DD0E0B1E1EEE9000865290 /* ThemeSelectionViewController.swift */; };
/* End PBXBuildFile section */

/* Begin PBXFileReference section */
		240DBE471E2B436800C7F96B /* Main.storyboard */ = {isa = PBXFileReference; fileEncoding = 4; lastKnownFileType = file.storyboard; path = Main.storyboard; sourceTree = "<group>"; };
		24223E441E64A132006269CA /* bear.m4a */ = {isa = PBXFileReference; lastKnownFileType = file; path = bear.m4a; sourceTree = "<group>"; };
		24223E451E64A132006269CA /* beavel.m4a */ = {isa = PBXFileReference; lastKnownFileType = file; path = beavel.m4a; sourceTree = "<group>"; };
		24223E461E64A132006269CA /* cat.m4a */ = {isa = PBXFileReference; lastKnownFileType = file; path = cat.m4a; sourceTree = "<group>"; };
		24223E471E64A132006269CA /* cow.m4a */ = {isa = PBXFileReference; lastKnownFileType = file; path = cow.m4a; sourceTree = "<group>"; };
		24223E481E64A132006269CA /* dog.m4a */ = {isa = PBXFileReference; lastKnownFileType = file; path = dog.m4a; sourceTree = "<group>"; };
		24223E491E64A132006269CA /* elephant.m4a */ = {isa = PBXFileReference; lastKnownFileType = file; path = elephant.m4a; sourceTree = "<group>"; };
		24223E4A1E64A132006269CA /* giraffe.m4a */ = {isa = PBXFileReference; lastKnownFileType = file; path = giraffe.m4a; sourceTree = "<group>"; };
		24223E4B1E64A132006269CA /* hippopotamus.m4a */ = {isa = PBXFileReference; lastKnownFileType = file; path = hippopotamus.m4a; sourceTree = "<group>"; };
		24223E4C1E64A132006269CA /* lion.m4a */ = {isa = PBXFileReference; lastKnownFileType = file; path = lion.m4a; sourceTree = "<group>"; };
		24223E4D1E64A132006269CA /* mouse.m4a */ = {isa = PBXFileReference; lastKnownFileType = file; path = mouse.m4a; sourceTree = "<group>"; };
		24223E4E1E64A132006269CA /* owl.m4a */ = {isa = PBXFileReference; lastKnownFileType = file; path = owl.m4a; sourceTree = "<group>"; };
		24223E4F1E64A132006269CA /* panther.m4a */ = {isa = PBXFileReference; lastKnownFileType = file; path = panther.m4a; sourceTree = "<group>"; };
		24223E501E64A132006269CA /* pig.m4a */ = {isa = PBXFileReference; lastKnownFileType = file; path = pig.m4a; sourceTree = "<group>"; };
		24223E511E64A132006269CA /* sheep.m4a */ = {isa = PBXFileReference; lastKnownFileType = file; path = sheep.m4a; sourceTree = "<group>"; };
		24223E521E64A132006269CA /* squirrel.m4a */ = {isa = PBXFileReference; lastKnownFileType = file; path = squirrel.m4a; sourceTree = "<group>"; };
		24223E531E64A132006269CA /* tiger.m4a */ = {isa = PBXFileReference; lastKnownFileType = file; path = tiger.m4a; sourceTree = "<group>"; };
		24223E551E64A132006269CA /* dolphin.m4a */ = {isa = PBXFileReference; lastKnownFileType = file; path = dolphin.m4a; sourceTree = "<group>"; };
		24223E561E64A132006269CA /* fish.m4a */ = {isa = PBXFileReference; lastKnownFileType = file; path = fish.m4a; sourceTree = "<group>"; };
		24223E571E64A132006269CA /* hippocampus.m4a */ = {isa = PBXFileReference; lastKnownFileType = file; path = hippocampus.m4a; sourceTree = "<group>"; };
		24223E581E64A132006269CA /* orca.m4a */ = {isa = PBXFileReference; lastKnownFileType = file; path = orca.m4a; sourceTree = "<group>"; };
		24223E591E64A132006269CA /* seal.m4a */ = {isa = PBXFileReference; lastKnownFileType = file; path = seal.m4a; sourceTree = "<group>"; };
		24223E5A1E64A132006269CA /* seaTurtle.m4a */ = {isa = PBXFileReference; lastKnownFileType = file; path = seaTurtle.m4a; sourceTree = "<group>"; };
		24223E5B1E64A132006269CA /* shark.m4a */ = {isa = PBXFileReference; lastKnownFileType = file; path = shark.m4a; sourceTree = "<group>"; };
		24223E5C1E64A132006269CA /* swordfish.m4a */ = {isa = PBXFileReference; lastKnownFileType = file; path = swordfish.m4a; sourceTree = "<group>"; };
		24223E5D1E64A132006269CA /* whale.m4a */ = {isa = PBXFileReference; lastKnownFileType = file; path = whale.m4a; sourceTree = "<group>"; };
		24223E5F1E64A132006269CA /* london.m4a */ = {isa = PBXFileReference; lastKnownFileType = file; path = london.m4a; sourceTree = "<group>"; };
		24223E601E64A132006269CA /* moscow.m4a */ = {isa = PBXFileReference; lastKnownFileType = file; path = moscow.m4a; sourceTree = "<group>"; };
		24223E611E64A132006269CA /* newYork.m4a */ = {isa = PBXFileReference; lastKnownFileType = file; path = newYork.m4a; sourceTree = "<group>"; };
		24223E621E64A132006269CA /* paris.m4a */ = {isa = PBXFileReference; lastKnownFileType = file; path = paris.m4a; sourceTree = "<group>"; };
		24223E631E64A132006269CA /* rome.m4a */ = {isa = PBXFileReference; lastKnownFileType = file; path = rome.m4a; sourceTree = "<group>"; };
		24223E641E64A132006269CA /* sydney.m4a */ = {isa = PBXFileReference; lastKnownFileType = file; path = sydney.m4a; sourceTree = "<group>"; };
		24223E651E64A132006269CA /* tokyo.m4a */ = {isa = PBXFileReference; lastKnownFileType = file; path = tokyo.m4a; sourceTree = "<group>"; };
		24223E661E64A132006269CA /* washington.m4a */ = {isa = PBXFileReference; lastKnownFileType = file; path = washington.m4a; sourceTree = "<group>"; };
		24223E681E64A132006269CA /* Bells.m4a */ = {isa = PBXFileReference; lastKnownFileType = file; path = Bells.m4a; sourceTree = "<group>"; };
		24223E691E64A132006269CA /* Chimney.m4a */ = {isa = PBXFileReference; lastKnownFileType = file; path = Chimney.m4a; sourceTree = "<group>"; };
		24223E6A1E64A132006269CA /* ChristmasTree.m4a */ = {isa = PBXFileReference; lastKnownFileType = file; path = ChristmasTree.m4a; sourceTree = "<group>"; };
		24223E6B1E64A132006269CA /* Presents.m4a */ = {isa = PBXFileReference; lastKnownFileType = file; path = Presents.m4a; sourceTree = "<group>"; };
		24223E6C1E64A132006269CA /* SantaClaus.m4a */ = {isa = PBXFileReference; lastKnownFileType = file; path = SantaClaus.m4a; sourceTree = "<group>"; };
		24223E6D1E64A132006269CA /* Snowman.m4a */ = {isa = PBXFileReference; lastKnownFileType = file; path = Snowman.m4a; sourceTree = "<group>"; };
		24223E6E1E64A132006269CA /* Star.m4a */ = {isa = PBXFileReference; lastKnownFileType = file; path = Star.m4a; sourceTree = "<group>"; };
		24223E701E64A132006269CA /* black.m4a */ = {isa = PBXFileReference; lastKnownFileType = file; path = black.m4a; sourceTree = "<group>"; };
		24223E711E64A132006269CA /* blue.m4a */ = {isa = PBXFileReference; lastKnownFileType = file; path = blue.m4a; sourceTree = "<group>"; };
		24223E721E64A132006269CA /* brown.m4a */ = {isa = PBXFileReference; lastKnownFileType = file; path = brown.m4a; sourceTree = "<group>"; };
		24223E731E64A132006269CA /* green.m4a */ = {isa = PBXFileReference; lastKnownFileType = file; path = green.m4a; sourceTree = "<group>"; };
		24223E741E64A132006269CA /* grey.m4a */ = {isa = PBXFileReference; lastKnownFileType = file; path = grey.m4a; sourceTree = "<group>"; };
		24223E751E64A132006269CA /* orange.m4a */ = {isa = PBXFileReference; lastKnownFileType = file; path = orange.m4a; sourceTree = "<group>"; };
		24223E761E64A132006269CA /* pink.m4a */ = {isa = PBXFileReference; lastKnownFileType = file; path = pink.m4a; sourceTree = "<group>"; };
		24223E771E64A132006269CA /* purple.m4a */ = {isa = PBXFileReference; lastKnownFileType = file; path = purple.m4a; sourceTree = "<group>"; };
		24223E781E64A132006269CA /* red.m4a */ = {isa = PBXFileReference; lastKnownFileType = file; path = red.m4a; sourceTree = "<group>"; };
		24223E791E64A132006269CA /* white.m4a */ = {isa = PBXFileReference; lastKnownFileType = file; path = white.m4a; sourceTree = "<group>"; };
		24223E7A1E64A132006269CA /* yellow.m4a */ = {isa = PBXFileReference; lastKnownFileType = file; path = yellow.m4a; sourceTree = "<group>"; };
		24223E7C1E64A132006269CA /* Amazing.m4a */ = {isa = PBXFileReference; lastKnownFileType = file; path = Amazing.m4a; sourceTree = "<group>"; };
		24223E7D1E64A132006269CA /* Awesome.m4a */ = {isa = PBXFileReference; lastKnownFileType = file; path = Awesome.m4a; sourceTree = "<group>"; };
		24223E7E1E64A132006269CA /* Fantastic.m4a */ = {isa = PBXFileReference; lastKnownFileType = file; path = Fantastic.m4a; sourceTree = "<group>"; };
		24223E7F1E64A132006269CA /* Great.m4a */ = {isa = PBXFileReference; lastKnownFileType = file; path = Great.m4a; sourceTree = "<group>"; };
		24223E801E64A132006269CA /* Incredible.m4a */ = {isa = PBXFileReference; lastKnownFileType = file; path = Incredible.m4a; sourceTree = "<group>"; };
		24223E811E64A132006269CA /* NiceJob.m4a */ = {isa = PBXFileReference; lastKnownFileType = file; path = NiceJob.m4a; sourceTree = "<group>"; };
		24223E831E64A132006269CA /* Ariel.m4a */ = {isa = PBXFileReference; lastKnownFileType = file; path = Ariel.m4a; sourceTree = "<group>"; };
		24223E841E64A132006269CA /* Aurora.m4a */ = {isa = PBXFileReference; lastKnownFileType = file; path = Aurora.m4a; sourceTree = "<group>"; };
		24223E851E64A132006269CA /* Belle.m4a */ = {isa = PBXFileReference; lastKnownFileType = file; path = Belle.m4a; sourceTree = "<group>"; };
		24223E861E64A132006269CA /* Cinderella.m4a */ = {isa = PBXFileReference; lastKnownFileType = file; path = Cinderella.m4a; sourceTree = "<group>"; };
		24223E871E64A132006269CA /* Rapunzel.m4a */ = {isa = PBXFileReference; lastKnownFileType = file; path = Rapunzel.m4a; sourceTree = "<group>"; };
		24223E881E64A132006269CA /* SnowWhite.m4a */ = {isa = PBXFileReference; lastKnownFileType = file; path = SnowWhite.m4a; sourceTree = "<group>"; };
		24223E8A1E64A132006269CA /* Book.m4a */ = {isa = PBXFileReference; lastKnownFileType = file; path = Book.m4a; sourceTree = "<group>"; };
		24223E8B1E64A132006269CA /* Glue.m4a */ = {isa = PBXFileReference; lastKnownFileType = file; path = Glue.m4a; sourceTree = "<group>"; };
		24223E8C1E64A132006269CA /* Pen.m4a */ = {isa = PBXFileReference; lastKnownFileType = file; path = Pen.m4a; sourceTree = "<group>"; };
		24223E8D1E64A132006269CA /* PencilCase.m4a */ = {isa = PBXFileReference; lastKnownFileType = file; path = PencilCase.m4a; sourceTree = "<group>"; };
		24223E8E1E64A132006269CA /* School.m4a */ = {isa = PBXFileReference; lastKnownFileType = file; path = School.m4a; sourceTree = "<group>"; };
		24223E8F1E64A132006269CA /* SchoolBag.m4a */ = {isa = PBXFileReference; lastKnownFileType = file; path = SchoolBag.m4a; sourceTree = "<group>"; };
		24223E901E64A132006269CA /* Scissors.m4a */ = {isa = PBXFileReference; lastKnownFileType = file; path = Scissors.m4a; sourceTree = "<group>"; };
		24223E921E64A132006269CA /* aggressive.m4a */ = {isa = PBXFileReference; lastKnownFileType = file; path = aggressive.m4a; sourceTree = "<group>"; };
		24223E931E64A132006269CA /* angry.m4a */ = {isa = PBXFileReference; lastKnownFileType = file; path = angry.m4a; sourceTree = "<group>"; };
		24223E941E64A132006269CA /* anxious.m4a */ = {isa = PBXFileReference; lastKnownFileType = file; path = anxious.m4a; sourceTree = "<group>"; };
		24223E951E64A132006269CA /* bored.m4a */ = {isa = PBXFileReference; lastKnownFileType = file; path = bored.m4a; sourceTree = "<group>"; };
		24223E961E64A132006269CA /* confused.m4a */ = {isa = PBXFileReference; lastKnownFileType = file; path = confused.m4a; sourceTree = "<group>"; };
		24223E971E64A132006269CA /* embarassed.m4a */ = {isa = PBXFileReference; lastKnownFileType = file; path = embarassed.m4a; sourceTree = "<group>"; };
		24223E981E64A132006269CA /* excited.m4a */ = {isa = PBXFileReference; lastKnownFileType = file; path = excited.m4a; sourceTree = "<group>"; };
		24223E991E64A132006269CA /* frustrated.m4a */ = {isa = PBXFileReference; lastKnownFileType = file; path = frustrated.m4a; sourceTree = "<group>"; };
		24223E9A1E64A132006269CA /* happy.m4a */ = {isa = PBXFileReference; lastKnownFileType = file; path = happy.m4a; sourceTree = "<group>"; };
		24223E9B1E64A132006269CA /* hurt.m4a */ = {isa = PBXFileReference; lastKnownFileType = file; path = hurt.m4a; sourceTree = "<group>"; };
		24223E9C1E64A132006269CA /* sad.m4a */ = {isa = PBXFileReference; lastKnownFileType = file; path = sad.m4a; sourceTree = "<group>"; };
		24223E9D1E64A132006269CA /* scared.m4a */ = {isa = PBXFileReference; lastKnownFileType = file; path = scared.m4a; sourceTree = "<group>"; };
		24223E9E1E64A132006269CA /* sick.m4a */ = {isa = PBXFileReference; lastKnownFileType = file; path = sick.m4a; sourceTree = "<group>"; };
		24223E9F1E64A132006269CA /* surprised.m4a */ = {isa = PBXFileReference; lastKnownFileType = file; path = surprised.m4a; sourceTree = "<group>"; };
		24223EA01E64A132006269CA /* tired.m4a */ = {isa = PBXFileReference; lastKnownFileType = file; path = tired.m4a; sourceTree = "<group>"; };
		24223EA21E64A132006269CA /* actor.m4a */ = {isa = PBXFileReference; lastKnownFileType = file; path = actor.m4a; sourceTree = "<group>"; };
		24223EA31E64A132006269CA /* baker.m4a */ = {isa = PBXFileReference; lastKnownFileType = file; path = baker.m4a; sourceTree = "<group>"; };
		24223EA41E64A132006269CA /* butcher.m4a */ = {isa = PBXFileReference; lastKnownFileType = file; path = butcher.m4a; sourceTree = "<group>"; };
		24223EA51E64A132006269CA /* doctor.m4a */ = {isa = PBXFileReference; lastKnownFileType = file; path = doctor.m4a; sourceTree = "<group>"; };
		24223EA61E64A132006269CA /* fireman.m4a */ = {isa = PBXFileReference; lastKnownFileType = file; path = fireman.m4a; sourceTree = "<group>"; };
		24223EA71E64A132006269CA /* nurse.m4a */ = {isa = PBXFileReference; lastKnownFileType = file; path = nurse.m4a; sourceTree = "<group>"; };
		24223EA81E64A132006269CA /* policeman.m4a */ = {isa = PBXFileReference; lastKnownFileType = file; path = policeman.m4a; sourceTree = "<group>"; };
		24223EA91E64A132006269CA /* postman.m4a */ = {isa = PBXFileReference; lastKnownFileType = file; path = postman.m4a; sourceTree = "<group>"; };
		24223EAA1E64A132006269CA /* teacher.m4a */ = {isa = PBXFileReference; lastKnownFileType = file; path = teacher.m4a; sourceTree = "<group>"; };
		24223EAB1E64A132006269CA /* waiter.m4a */ = {isa = PBXFileReference; lastKnownFileType = file; path = waiter.m4a; sourceTree = "<group>"; };
		24223EAD1E64A132006269CA /* 0.m4a */ = {isa = PBXFileReference; lastKnownFileType = file; path = 0.m4a; sourceTree = "<group>"; };
		24223EAE1E64A132006269CA /* 1.m4a */ = {isa = PBXFileReference; lastKnownFileType = file; path = 1.m4a; sourceTree = "<group>"; };
		24223EAF1E64A132006269CA /* 2.m4a */ = {isa = PBXFileReference; lastKnownFileType = file; path = 2.m4a; sourceTree = "<group>"; };
		24223EB01E64A132006269CA /* 3.m4a */ = {isa = PBXFileReference; lastKnownFileType = file; path = 3.m4a; sourceTree = "<group>"; };
		24223EB11E64A132006269CA /* 4.m4a */ = {isa = PBXFileReference; lastKnownFileType = file; path = 4.m4a; sourceTree = "<group>"; };
		24223EB21E64A132006269CA /* 5.m4a */ = {isa = PBXFileReference; lastKnownFileType = file; path = 5.m4a; sourceTree = "<group>"; };
		24223EB31E64A132006269CA /* 6.m4a */ = {isa = PBXFileReference; lastKnownFileType = file; path = 6.m4a; sourceTree = "<group>"; };
		24223EB41E64A132006269CA /* 7.m4a */ = {isa = PBXFileReference; lastKnownFileType = file; path = 7.m4a; sourceTree = "<group>"; };
		24223EB51E64A132006269CA /* 8.m4a */ = {isa = PBXFileReference; lastKnownFileType = file; path = 8.m4a; sourceTree = "<group>"; };
		24223EB61E64A132006269CA /* 9.m4a */ = {isa = PBXFileReference; lastKnownFileType = file; path = 9.m4a; sourceTree = "<group>"; };
		24223EB81E64A132006269CA /* behind.m4a */ = {isa = PBXFileReference; lastKnownFileType = file; path = behind.m4a; sourceTree = "<group>"; };
		24223EB91E64A132006269CA /* between.m4a */ = {isa = PBXFileReference; lastKnownFileType = file; path = between.m4a; sourceTree = "<group>"; };
		24223EBA1E64A132006269CA /* in.m4a */ = {isa = PBXFileReference; lastKnownFileType = file; path = in.m4a; sourceTree = "<group>"; };
		24223EBB1E64A132006269CA /* inFrontOf.m4a */ = {isa = PBXFileReference; lastKnownFileType = file; path = inFrontOf.m4a; sourceTree = "<group>"; };
		24223EBC1E64A132006269CA /* nextTo.m4a */ = {isa = PBXFileReference; lastKnownFileType = file; path = nextTo.m4a; sourceTree = "<group>"; };
		24223EBD1E64A132006269CA /* on.m4a */ = {isa = PBXFileReference; lastKnownFileType = file; path = on.m4a; sourceTree = "<group>"; };
		24223EBE1E64A132006269CA /* under.m4a */ = {isa = PBXFileReference; lastKnownFileType = file; path = under.m4a; sourceTree = "<group>"; };
		243C6C1C1E2116B300EE9AB2 /* ModeleTheme.swift */ = {isa = PBXFileReference; fileEncoding = 4; lastKnownFileType = sourcecode.swift; path = ModeleTheme.swift; sourceTree = "<group>"; };
		243C6C1F1E21194600EE9AB2 /* DALTheme.swift */ = {isa = PBXFileReference; fileEncoding = 4; lastKnownFileType = sourcecode.swift; path = DALTheme.swift; sourceTree = "<group>"; };
		243C6C261E2165C500EE9AB2 /* school.ttf */ = {isa = PBXFileReference; lastKnownFileType = file; name = school.ttf; path = Font/school.ttf; sourceTree = SOURCE_ROOT; };
		243C6C2C1E21E3B100EE9AB2 /* PutInOrderViewController.swift */ = {isa = PBXFileReference; fileEncoding = 4; lastKnownFileType = sourcecode.swift; path = PutInOrderViewController.swift; sourceTree = "<group>"; };
		249D8E541E0AC0DF0044E90B /* VocabularyViewController.swift */ = {isa = PBXFileReference; fileEncoding = 4; lastKnownFileType = sourcecode.swift; path = VocabularyViewController.swift; sourceTree = "<group>"; };
		249D8E561E0AFD5A0044E90B /* MatchViewController.swift */ = {isa = PBXFileReference; fileEncoding = 4; lastKnownFileType = sourcecode.swift; path = MatchViewController.swift; sourceTree = "<group>"; };
		24B2CA2D1E09BB2B0005982D /* EnglishZZ.app */ = {isa = PBXFileReference; explicitFileType = wrapper.application; includeInIndex = 0; path = EnglishZZ.app; sourceTree = BUILT_PRODUCTS_DIR; };
		24B2CA301E09BB2C0005982D /* AppDelegate.swift */ = {isa = PBXFileReference; lastKnownFileType = sourcecode.swift; path = AppDelegate.swift; sourceTree = "<group>"; };
		24B2CA321E09BB2C0005982D /* ExoSelectionViewController.swift */ = {isa = PBXFileReference; lastKnownFileType = sourcecode.swift; path = ExoSelectionViewController.swift; sourceTree = "<group>"; };
		24B2CA371E09BB2C0005982D /* Assets.xcassets */ = {isa = PBXFileReference; lastKnownFileType = folder.assetcatalog; path = Assets.xcassets; sourceTree = "<group>"; };
		24B2CA3A1E09BB2C0005982D /* Base */ = {isa = PBXFileReference; lastKnownFileType = file.storyboard; name = Base; path = Base.lproj/LaunchScreen.storyboard; sourceTree = "<group>"; };
		24B2CA3C1E09BB2C0005982D /* Info.plist */ = {isa = PBXFileReference; lastKnownFileType = text.plist.xml; path = Info.plist; sourceTree = "<group>"; };
		24DD0DED1E1E79DF00865290 /* Shuffle.swift */ = {isa = PBXFileReference; fileEncoding = 4; lastKnownFileType = sourcecode.swift; path = Shuffle.swift; sourceTree = "<group>"; };
		24DD0DEF1E1E7F6700865290 /* Vocabulary.swift */ = {isa = PBXFileReference; fileEncoding = 4; lastKnownFileType = sourcecode.swift; path = Vocabulary.swift; sourceTree = "<group>"; };
		24DD0DF11E1E858600865290 /* Theme.swift */ = {isa = PBXFileReference; fileEncoding = 4; lastKnownFileType = sourcecode.swift; path = Theme.swift; sourceTree = "<group>"; };
		24DD0E0B1E1EEE9000865290 /* ThemeSelectionViewController.swift */ = {isa = PBXFileReference; fileEncoding = 4; lastKnownFileType = sourcecode.swift; path = ThemeSelectionViewController.swift; sourceTree = "<group>"; };
/* End PBXFileReference section */

/* Begin PBXFrameworksBuildPhase section */
		24B2CA2A1E09BB2B0005982D /* Frameworks */ = {
			isa = PBXFrameworksBuildPhase;
			buildActionMask = 2147483647;
			files = (
			);
			runOnlyForDeploymentPostprocessing = 0;
		};
/* End PBXFrameworksBuildPhase section */

/* Begin PBXGroup section */
		24223E421E64A132006269CA /* Sound */ = {
			isa = PBXGroup;
			children = (
				24223E431E64A132006269CA /* animaux */,
				24223E541E64A132006269CA /* animauxMarins */,
				24223E5E1E64A132006269CA /* capital */,
				24223E671E64A132006269CA /* Christmas */,
				24223E6F1E64A132006269CA /* colors */,
				24223E7B1E64A132006269CA /* Congratulation */,
				24223E821E64A132006269CA /* Disney */,
				24223E891E64A132006269CA /* Ecole */,
				24223E911E64A132006269CA /* feelings */,
				24223EA11E64A132006269CA /* metier */,
				24223EAC1E64A132006269CA /* numbers */,
				24223EB71E64A132006269CA /* preposition */,
			);
			path = Sound;
			sourceTree = "<group>";
		};
		24223E431E64A132006269CA /* animaux */ = {
			isa = PBXGroup;
			children = (
				24223E441E64A132006269CA /* bear.m4a */,
				24223E451E64A132006269CA /* beavel.m4a */,
				24223E461E64A132006269CA /* cat.m4a */,
				24223E471E64A132006269CA /* cow.m4a */,
				24223E481E64A132006269CA /* dog.m4a */,
				24223E491E64A132006269CA /* elephant.m4a */,
				24223E4A1E64A132006269CA /* giraffe.m4a */,
				24223E4B1E64A132006269CA /* hippopotamus.m4a */,
				24223E4C1E64A132006269CA /* lion.m4a */,
				24223E4D1E64A132006269CA /* mouse.m4a */,
				24223E4E1E64A132006269CA /* owl.m4a */,
				24223E4F1E64A132006269CA /* panther.m4a */,
				24223E501E64A132006269CA /* pig.m4a */,
				24223E511E64A132006269CA /* sheep.m4a */,
				24223E521E64A132006269CA /* squirrel.m4a */,
				24223E531E64A132006269CA /* tiger.m4a */,
			);
			path = animaux;
			sourceTree = "<group>";
		};
		24223E541E64A132006269CA /* animauxMarins */ = {
			isa = PBXGroup;
			children = (
				24223E551E64A132006269CA /* dolphin.m4a */,
				24223E561E64A132006269CA /* fish.m4a */,
				24223E571E64A132006269CA /* hippocampus.m4a */,
				24223E581E64A132006269CA /* orca.m4a */,
				24223E591E64A132006269CA /* seal.m4a */,
				24223E5A1E64A132006269CA /* seaTurtle.m4a */,
				24223E5B1E64A132006269CA /* shark.m4a */,
				24223E5C1E64A132006269CA /* swordfish.m4a */,
				24223E5D1E64A132006269CA /* whale.m4a */,
			);
			path = animauxMarins;
			sourceTree = "<group>";
		};
		24223E5E1E64A132006269CA /* capital */ = {
			isa = PBXGroup;
			children = (
				24223E5F1E64A132006269CA /* london.m4a */,
				24223E601E64A132006269CA /* moscow.m4a */,
				24223E611E64A132006269CA /* newYork.m4a */,
				24223E621E64A132006269CA /* paris.m4a */,
				24223E631E64A132006269CA /* rome.m4a */,
				24223E641E64A132006269CA /* sydney.m4a */,
				24223E651E64A132006269CA /* tokyo.m4a */,
				24223E661E64A132006269CA /* washington.m4a */,
			);
			path = capital;
			sourceTree = "<group>";
		};
		24223E671E64A132006269CA /* Christmas */ = {
			isa = PBXGroup;
			children = (
				24223E681E64A132006269CA /* Bells.m4a */,
				24223E691E64A132006269CA /* Chimney.m4a */,
				24223E6A1E64A132006269CA /* ChristmasTree.m4a */,
				24223E6B1E64A132006269CA /* Presents.m4a */,
				24223E6C1E64A132006269CA /* SantaClaus.m4a */,
				24223E6D1E64A132006269CA /* Snowman.m4a */,
				24223E6E1E64A132006269CA /* Star.m4a */,
			);
			path = Christmas;
			sourceTree = "<group>";
		};
		24223E6F1E64A132006269CA /* colors */ = {
			isa = PBXGroup;
			children = (
				24223E701E64A132006269CA /* black.m4a */,
				24223E711E64A132006269CA /* blue.m4a */,
				24223E721E64A132006269CA /* brown.m4a */,
				24223E731E64A132006269CA /* green.m4a */,
				24223E741E64A132006269CA /* grey.m4a */,
				24223E751E64A132006269CA /* orange.m4a */,
				24223E761E64A132006269CA /* pink.m4a */,
				24223E771E64A132006269CA /* purple.m4a */,
				24223E781E64A132006269CA /* red.m4a */,
				24223E791E64A132006269CA /* white.m4a */,
				24223E7A1E64A132006269CA /* yellow.m4a */,
			);
			path = colors;
			sourceTree = "<group>";
		};
		24223E7B1E64A132006269CA /* Congratulation */ = {
			isa = PBXGroup;
			children = (
				24223E7C1E64A132006269CA /* Amazing.m4a */,
				24223E7D1E64A132006269CA /* Awesome.m4a */,
				24223E7E1E64A132006269CA /* Fantastic.m4a */,
				24223E7F1E64A132006269CA /* Great.m4a */,
				24223E801E64A132006269CA /* Incredible.m4a */,
				24223E811E64A132006269CA /* NiceJob.m4a */,
			);
			path = Congratulation;
			sourceTree = "<group>";
		};
		24223E821E64A132006269CA /* Disney */ = {
			isa = PBXGroup;
			children = (
				24223E831E64A132006269CA /* Ariel.m4a */,
				24223E841E64A132006269CA /* Aurora.m4a */,
				24223E851E64A132006269CA /* Belle.m4a */,
				24223E861E64A132006269CA /* Cinderella.m4a */,
				24223E871E64A132006269CA /* Rapunzel.m4a */,
				24223E881E64A132006269CA /* SnowWhite.m4a */,
			);
			path = Disney;
			sourceTree = "<group>";
		};
		24223E891E64A132006269CA /* Ecole */ = {
			isa = PBXGroup;
			children = (
				24223E8A1E64A132006269CA /* Book.m4a */,
				24223E8B1E64A132006269CA /* Glue.m4a */,
				24223E8C1E64A132006269CA /* Pen.m4a */,
				24223E8D1E64A132006269CA /* PencilCase.m4a */,
				24223E8E1E64A132006269CA /* School.m4a */,
				24223E8F1E64A132006269CA /* SchoolBag.m4a */,
				24223E901E64A132006269CA /* Scissors.m4a */,
			);
			path = Ecole;
			sourceTree = "<group>";
		};
		24223E911E64A132006269CA /* feelings */ = {
			isa = PBXGroup;
			children = (
				24223E921E64A132006269CA /* aggressive.m4a */,
				24223E931E64A132006269CA /* angry.m4a */,
				24223E941E64A132006269CA /* anxious.m4a */,
				24223E951E64A132006269CA /* bored.m4a */,
				24223E961E64A132006269CA /* confused.m4a */,
				24223E971E64A132006269CA /* embarassed.m4a */,
				24223E981E64A132006269CA /* excited.m4a */,
				24223E991E64A132006269CA /* frustrated.m4a */,
				24223E9A1E64A132006269CA /* happy.m4a */,
				24223E9B1E64A132006269CA /* hurt.m4a */,
				24223E9C1E64A132006269CA /* sad.m4a */,
				24223E9D1E64A132006269CA /* scared.m4a */,
				24223E9E1E64A132006269CA /* sick.m4a */,
				24223E9F1E64A132006269CA /* surprised.m4a */,
				24223EA01E64A132006269CA /* tired.m4a */,
			);
			path = feelings;
			sourceTree = "<group>";
		};
		24223EA11E64A132006269CA /* metier */ = {
			isa = PBXGroup;
			children = (
				24223EA21E64A132006269CA /* actor.m4a */,
				24223EA31E64A132006269CA /* baker.m4a */,
				24223EA41E64A132006269CA /* butcher.m4a */,
				24223EA51E64A132006269CA /* doctor.m4a */,
				24223EA61E64A132006269CA /* fireman.m4a */,
				24223EA71E64A132006269CA /* nurse.m4a */,
				24223EA81E64A132006269CA /* policeman.m4a */,
				24223EA91E64A132006269CA /* postman.m4a */,
				24223EAA1E64A132006269CA /* teacher.m4a */,
				24223EAB1E64A132006269CA /* waiter.m4a */,
			);
			path = metier;
			sourceTree = "<group>";
		};
		24223EAC1E64A132006269CA /* numbers */ = {
			isa = PBXGroup;
			children = (
				24223EAD1E64A132006269CA /* 0.m4a */,
				24223EAE1E64A132006269CA /* 1.m4a */,
				24223EAF1E64A132006269CA /* 2.m4a */,
				24223EB01E64A132006269CA /* 3.m4a */,
				24223EB11E64A132006269CA /* 4.m4a */,
				24223EB21E64A132006269CA /* 5.m4a */,
				24223EB31E64A132006269CA /* 6.m4a */,
				24223EB41E64A132006269CA /* 7.m4a */,
				24223EB51E64A132006269CA /* 8.m4a */,
				24223EB61E64A132006269CA /* 9.m4a */,
			);
			path = numbers;
			sourceTree = "<group>";
		};
		24223EB71E64A132006269CA /* preposition */ = {
			isa = PBXGroup;
			children = (
				24223EB81E64A132006269CA /* behind.m4a */,
				24223EB91E64A132006269CA /* between.m4a */,
				24223EBA1E64A132006269CA /* in.m4a */,
				24223EBB1E64A132006269CA /* inFrontOf.m4a */,
				24223EBC1E64A132006269CA /* nextTo.m4a */,
				24223EBD1E64A132006269CA /* on.m4a */,
				24223EBE1E64A132006269CA /* under.m4a */,
			);
			path = preposition;
			sourceTree = "<group>";
		};
		243C6C1B1E21166700EE9AB2 /* Modele */ = {
			isa = PBXGroup;
			children = (
				243C6C1C1E2116B300EE9AB2 /* ModeleTheme.swift */,
			);
			name = Modele;
			sourceTree = "<group>";
		};
		243C6C1E1E21193000EE9AB2 /* Data Access Layer */ = {
			isa = PBXGroup;
			children = (
				243C6C1F1E21194600EE9AB2 /* DALTheme.swift */,
			);
			name = "Data Access Layer";
			sourceTree = "<group>";
		};
		243C6C211E2163B100EE9AB2 /* Font */ = {
			isa = PBXGroup;
			children = (
				243C6C261E2165C500EE9AB2 /* school.ttf */,
			);
			name = Font;
			sourceTree = "<group>";
		};
		24B2CA241E09BB2B0005982D = {
			isa = PBXGroup;
			children = (
				24B2CA2F1E09BB2B0005982D /* EnglishZZ */,
				24223E421E64A132006269CA /* Sound */,
				24B2CA2E1E09BB2B0005982D /* Products */,
			);
			sourceTree = "<group>";
		};
		24B2CA2E1E09BB2B0005982D /* Products */ = {
			isa = PBXGroup;
			children = (
				24B2CA2D1E09BB2B0005982D /* EnglishZZ.app */,
			);
			name = Products;
			sourceTree = "<group>";
		};
		24B2CA2F1E09BB2B0005982D /* EnglishZZ */ = {
			isa = PBXGroup;
			children = (
				243C6C211E2163B100EE9AB2 /* Font */,
				243C6C1E1E21193000EE9AB2 /* Data Access Layer */,
				243C6C1B1E21166700EE9AB2 /* Modele */,
				24B2CA301E09BB2C0005982D /* AppDelegate.swift */,
				24DD0DF41E1E87B800865290 /* Metier */,
				24DD0DF31E1E879300865290 /* Controller */,
				240DBE471E2B436800C7F96B /* Main.storyboard */,
				24B2CA371E09BB2C0005982D /* Assets.xcassets */,
				24B2CA391E09BB2C0005982D /* LaunchScreen.storyboard */,
				24B2CA3C1E09BB2C0005982D /* Info.plist */,
			);
			path = EnglishZZ;
			sourceTree = "<group>";
		};
		24DD0DF31E1E879300865290 /* Controller */ = {
			isa = PBXGroup;
			children = (
				24DD0E0B1E1EEE9000865290 /* ThemeSelectionViewController.swift */,
				24B2CA321E09BB2C0005982D /* ExoSelectionViewController.swift */,
				249D8E541E0AC0DF0044E90B /* VocabularyViewController.swift */,
				249D8E561E0AFD5A0044E90B /* MatchViewController.swift */,
				243C6C2C1E21E3B100EE9AB2 /* PutInOrderViewController.swift */,
			);
			name = Controller;
			sourceTree = "<group>";
		};
		24DD0DF41E1E87B800865290 /* Metier */ = {
			isa = PBXGroup;
			children = (
				24DD0DED1E1E79DF00865290 /* Shuffle.swift */,
				24DD0DEF1E1E7F6700865290 /* Vocabulary.swift */,
				24DD0DF11E1E858600865290 /* Theme.swift */,
			);
			name = Metier;
			sourceTree = "<group>";
		};
/* End PBXGroup section */

/* Begin PBXNativeTarget section */
		24B2CA2C1E09BB2B0005982D /* EnglishZZ */ = {
			isa = PBXNativeTarget;
			buildConfigurationList = 24B2CA3F1E09BB2C0005982D /* Build configuration list for PBXNativeTarget "EnglishZZ" */;
			buildPhases = (
				24B2CA291E09BB2B0005982D /* Sources */,
				24B2CA2A1E09BB2B0005982D /* Frameworks */,
				24B2CA2B1E09BB2B0005982D /* Resources */,
			);
			buildRules = (
			);
			dependencies = (
			);
			name = EnglishZZ;
			productName = EnglishZZ;
			productReference = 24B2CA2D1E09BB2B0005982D /* EnglishZZ.app */;
			productType = "com.apple.product-type.application";
		};
/* End PBXNativeTarget section */

/* Begin PBXProject section */
		24B2CA251E09BB2B0005982D /* Project object */ = {
			isa = PBXProject;
			attributes = {
				LastSwiftUpdateCheck = 0820;
				LastUpgradeCheck = 0820;
				ORGANIZATIONNAME = "Theo BULLAT Loïc GREFFIER";
				TargetAttributes = {
					24B2CA2C1E09BB2B0005982D = {
						CreatedOnToolsVersion = 8.2;
						ProvisioningStyle = Automatic;
					};
				};
			};
			buildConfigurationList = 24B2CA281E09BB2B0005982D /* Build configuration list for PBXProject "EnglishZZ" */;
			compatibilityVersion = "Xcode 3.2";
			developmentRegion = English;
			hasScannedForEncodings = 0;
			knownRegions = (
				en,
				Base,
			);
			mainGroup = 24B2CA241E09BB2B0005982D;
			productRefGroup = 24B2CA2E1E09BB2B0005982D /* Products */;
			projectDirPath = "";
			projectRoot = "";
			targets = (
				24B2CA2C1E09BB2B0005982D /* EnglishZZ */,
			);
		};
/* End PBXProject section */

/* Begin PBXResourcesBuildPhase section */
		24B2CA2B1E09BB2B0005982D /* Resources */ = {
			isa = PBXResourcesBuildPhase;
			buildActionMask = 2147483647;
			files = (
				24223EC81E64A132006269CA /* mouse.m4a in Resources */,
				24223F011E64A132006269CA /* PencilCase.m4a in Resources */,
				24223F131E64A132006269CA /* tired.m4a in Resources */,
				24223F151E64A132006269CA /* baker.m4a in Resources */,
				24223EDC1E64A132006269CA /* rome.m4a in Resources */,
				24223F101E64A132006269CA /* scared.m4a in Resources */,
				24223F2E1E64A132006269CA /* under.m4a in Resources */,
				24223EED1E64A132006269CA /* pink.m4a in Resources */,
				24223F0F1E64A132006269CA /* sad.m4a in Resources */,
				24223ED01E64A132006269CA /* fish.m4a in Resources */,
				24223EC11E64A132006269CA /* cat.m4a in Resources */,
				24223F261E64A132006269CA /* 8.m4a in Resources */,
				24223ED71E64A132006269CA /* whale.m4a in Resources */,
				24223F231E64A132006269CA /* 5.m4a in Resources */,
				24223ECC1E64A132006269CA /* sheep.m4a in Resources */,
				24223EDB1E64A132006269CA /* paris.m4a in Resources */,
				24223F0D1E64A132006269CA /* happy.m4a in Resources */,
				24223EF41E64A132006269CA /* Fantastic.m4a in Resources */,
				24223F181E64A132006269CA /* fireman.m4a in Resources */,
				24223ED21E64A132006269CA /* orca.m4a in Resources */,
				24223EF31E64A132006269CA /* Awesome.m4a in Resources */,
				24223F2D1E64A132006269CA /* on.m4a in Resources */,
				24223F2A1E64A132006269CA /* in.m4a in Resources */,
				24223EFB1E64A132006269CA /* Cinderella.m4a in Resources */,
				24B2CA3B1E09BB2C0005982D /* LaunchScreen.storyboard in Resources */,
				24223EC61E64A132006269CA /* hippopotamus.m4a in Resources */,
				24223EE61E64A132006269CA /* Star.m4a in Resources */,
				24223F111E64A132006269CA /* sick.m4a in Resources */,
				24223F191E64A132006269CA /* nurse.m4a in Resources */,
				24223F211E64A132006269CA /* 3.m4a in Resources */,
				24223F041E64A132006269CA /* Scissors.m4a in Resources */,
				24223F061E64A132006269CA /* angry.m4a in Resources */,
				243C6C271E2165C500EE9AB2 /* school.ttf in Resources */,
				24223EDA1E64A132006269CA /* newYork.m4a in Resources */,
				24223EFA1E64A132006269CA /* Belle.m4a in Resources */,
				24223F251E64A132006269CA /* 7.m4a in Resources */,
				24223EC51E64A132006269CA /* giraffe.m4a in Resources */,
				24223EDD1E64A132006269CA /* sydney.m4a in Resources */,
				24223F071E64A132006269CA /* anxious.m4a in Resources */,
				24223F031E64A132006269CA /* SchoolBag.m4a in Resources */,
				24223F1F1E64A132006269CA /* 1.m4a in Resources */,
				24223F091E64A132006269CA /* confused.m4a in Resources */,
				24223EF11E64A132006269CA /* yellow.m4a in Resources */,
				24223F271E64A132006269CA /* 9.m4a in Resources */,
				24223F2B1E64A132006269CA /* inFrontOf.m4a in Resources */,
				24223EBF1E64A132006269CA /* bear.m4a in Resources */,
				24223EE71E64A132006269CA /* black.m4a in Resources */,
				24223EFC1E64A132006269CA /* Rapunzel.m4a in Resources */,
				24223F051E64A132006269CA /* aggressive.m4a in Resources */,
				24223EE21E64A132006269CA /* ChristmasTree.m4a in Resources */,
				24223F021E64A132006269CA /* School.m4a in Resources */,
				24223EC21E64A132006269CA /* cow.m4a in Resources */,
				24223ECA1E64A132006269CA /* panther.m4a in Resources */,
				24223EEE1E64A132006269CA /* purple.m4a in Resources */,
				24223EE41E64A132006269CA /* SantaClaus.m4a in Resources */,
				24223EE31E64A132006269CA /* Presents.m4a in Resources */,
				24223EFE1E64A132006269CA /* Book.m4a in Resources */,
				24223F241E64A132006269CA /* 6.m4a in Resources */,
				24223F1C1E64A132006269CA /* teacher.m4a in Resources */,
				24B2CA381E09BB2C0005982D /* Assets.xcassets in Resources */,
				24223F221E64A132006269CA /* 4.m4a in Resources */,
				24223EE51E64A132006269CA /* Snowman.m4a in Resources */,
				24223EF01E64A132006269CA /* white.m4a in Resources */,
				240DBE481E2B436800C7F96B /* Main.storyboard in Resources */,
				24223F141E64A132006269CA /* actor.m4a in Resources */,
				24223EF51E64A132006269CA /* Great.m4a in Resources */,
				24223ED31E64A132006269CA /* seal.m4a in Resources */,
				24223F1E1E64A132006269CA /* 0.m4a in Resources */,
				24223F171E64A132006269CA /* doctor.m4a in Resources */,
				24223EE81E64A132006269CA /* blue.m4a in Resources */,
				24223ED81E64A132006269CA /* london.m4a in Resources */,
				24223EC41E64A132006269CA /* elephant.m4a in Resources */,
				24223F281E64A132006269CA /* behind.m4a in Resources */,
				24223EF81E64A132006269CA /* Ariel.m4a in Resources */,
				24223F161E64A132006269CA /* butcher.m4a in Resources */,
				24223EFF1E64A132006269CA /* Glue.m4a in Resources */,
				24223EDF1E64A132006269CA /* washington.m4a in Resources */,
				24223ED11E64A132006269CA /* hippocampus.m4a in Resources */,
				24223ECB1E64A132006269CA /* pig.m4a in Resources */,
				24223EEC1E64A132006269CA /* orange.m4a in Resources */,
				24223ED51E64A132006269CA /* shark.m4a in Resources */,
				24223EE11E64A132006269CA /* Chimney.m4a in Resources */,
				24223ED91E64A132006269CA /* moscow.m4a in Resources */,
				24223EC31E64A132006269CA /* dog.m4a in Resources */,
				24223F121E64A132006269CA /* surprised.m4a in Resources */,
				24223F0C1E64A132006269CA /* frustrated.m4a in Resources */,
				24223EEA1E64A132006269CA /* green.m4a in Resources */,
				24223EF61E64A132006269CA /* Incredible.m4a in Resources */,
				24223EF71E64A132006269CA /* NiceJob.m4a in Resources */,
				24223ED61E64A132006269CA /* swordfish.m4a in Resources */,
				24223EC91E64A132006269CA /* owl.m4a in Resources */,
				24223F291E64A132006269CA /* between.m4a in Resources */,
				24223ED41E64A132006269CA /* seaTurtle.m4a in Resources */,
				24223EE01E64A132006269CA /* Bells.m4a in Resources */,
				24223ECD1E64A132006269CA /* squirrel.m4a in Resources */,
				24223EC01E64A132006269CA /* beavel.m4a in Resources */,
				24223F0A1E64A132006269CA /* embarassed.m4a in Resources */,
				24223EFD1E64A132006269CA /* SnowWhite.m4a in Resources */,
				24223F1D1E64A132006269CA /* waiter.m4a in Resources */,
				24223F001E64A132006269CA /* Pen.m4a in Resources */,
				24223F1B1E64A132006269CA /* postman.m4a in Resources */,
				24223EF91E64A132006269CA /* Aurora.m4a in Resources */,
				24223F0E1E64A132006269CA /* hurt.m4a in Resources */,
				24223ECE1E64A132006269CA /* tiger.m4a in Resources */,
				24223EE91E64A132006269CA /* brown.m4a in Resources */,
				24223F1A1E64A132006269CA /* policeman.m4a in Resources */,
				24223ECF1E64A132006269CA /* dolphin.m4a in Resources */,
				24223EF21E64A132006269CA /* Amazing.m4a in Resources */,
				24223EC71E64A132006269CA /* lion.m4a in Resources */,
				24223F081E64A132006269CA /* bored.m4a in Resources */,
				24223EEF1E64A132006269CA /* red.m4a in Resources */,
				24223F2C1E64A132006269CA /* nextTo.m4a in Resources */,
				24223F0B1E64A132006269CA /* excited.m4a in Resources */,
				24223F201E64A132006269CA /* 2.m4a in Resources */,
				24223EEB1E64A132006269CA /* grey.m4a in Resources */,
				24223EDE1E64A132006269CA /* tokyo.m4a in Resources */,
			);
			runOnlyForDeploymentPostprocessing = 0;
		};
/* End PBXResourcesBuildPhase section */

/* Begin PBXSourcesBuildPhase section */
		24B2CA291E09BB2B0005982D /* Sources */ = {
			isa = PBXSourcesBuildPhase;
			buildActionMask = 2147483647;
			files = (
				24DD0DEE1E1E79DF00865290 /* Shuffle.swift in Sources */,
				243C6C201E21194600EE9AB2 /* DALTheme.swift in Sources */,
				24DD0E0C1E1EEE9000865290 /* ThemeSelectionViewController.swift in Sources */,
				249D8E571E0AFD5A0044E90B /* MatchViewController.swift in Sources */,
				24B2CA331E09BB2C0005982D /* ExoSelectionViewController.swift in Sources */,
				24B2CA311E09BB2C0005982D /* AppDelegate.swift in Sources */,
				249D8E551E0AC0DF0044E90B /* VocabularyViewController.swift in Sources */,
				243C6C1D1E2116B300EE9AB2 /* ModeleTheme.swift in Sources */,
				24DD0DF01E1E7F6700865290 /* Vocabulary.swift in Sources */,
				243C6C2D1E21E3B100EE9AB2 /* PutInOrderViewController.swift in Sources */,
				24DD0DF21E1E858600865290 /* Theme.swift in Sources */,
			);
			runOnlyForDeploymentPostprocessing = 0;
		};
/* End PBXSourcesBuildPhase section */

/* Begin PBXVariantGroup section */
		24B2CA391E09BB2C0005982D /* LaunchScreen.storyboard */ = {
			isa = PBXVariantGroup;
			children = (
				24B2CA3A1E09BB2C0005982D /* Base */,
			);
			name = LaunchScreen.storyboard;
			sourceTree = "<group>";
		};
/* End PBXVariantGroup section */

/* Begin XCBuildConfiguration section */
		24B2CA3D1E09BB2C0005982D /* Debug */ = {
			isa = XCBuildConfiguration;
			buildSettings = {
				ALWAYS_SEARCH_USER_PATHS = NO;
				CLANG_ANALYZER_NONNULL = YES;
				CLANG_CXX_LANGUAGE_STANDARD = "gnu++0x";
				CLANG_CXX_LIBRARY = "libc++";
				CLANG_ENABLE_MODULES = YES;
				CLANG_ENABLE_OBJC_ARC = YES;
				CLANG_WARN_BOOL_CONVERSION = YES;
				CLANG_WARN_CONSTANT_CONVERSION = YES;
				CLANG_WARN_DIRECT_OBJC_ISA_USAGE = YES_ERROR;
				CLANG_WARN_DOCUMENTATION_COMMENTS = YES;
				CLANG_WARN_EMPTY_BODY = YES;
				CLANG_WARN_ENUM_CONVERSION = YES;
				CLANG_WARN_INFINITE_RECURSION = YES;
				CLANG_WARN_INT_CONVERSION = YES;
				CLANG_WARN_OBJC_ROOT_CLASS = YES_ERROR;
				CLANG_WARN_SUSPICIOUS_MOVE = YES;
				CLANG_WARN_UNREACHABLE_CODE = YES;
				CLANG_WARN__DUPLICATE_METHOD_MATCH = YES;
				"CODE_SIGN_IDENTITY[sdk=iphoneos*]" = "iPhone Developer";
				COPY_PHASE_STRIP = NO;
				DEBUG_INFORMATION_FORMAT = dwarf;
				ENABLE_STRICT_OBJC_MSGSEND = YES;
				ENABLE_TESTABILITY = YES;
				GCC_C_LANGUAGE_STANDARD = gnu99;
				GCC_DYNAMIC_NO_PIC = NO;
				GCC_NO_COMMON_BLOCKS = YES;
				GCC_OPTIMIZATION_LEVEL = 0;
				GCC_PREPROCESSOR_DEFINITIONS = (
					"DEBUG=1",
					"$(inherited)",
				);
				GCC_WARN_64_TO_32_BIT_CONVERSION = YES;
				GCC_WARN_ABOUT_RETURN_TYPE = YES_ERROR;
				GCC_WARN_UNDECLARED_SELECTOR = YES;
				GCC_WARN_UNINITIALIZED_AUTOS = YES_AGGRESSIVE;
				GCC_WARN_UNUSED_FUNCTION = YES;
				GCC_WARN_UNUSED_VARIABLE = YES;
				IPHONEOS_DEPLOYMENT_TARGET = 10.2;
				MTL_ENABLE_DEBUG_INFO = YES;
				ONLY_ACTIVE_ARCH = YES;
				SDKROOT = iphoneos;
				SWIFT_ACTIVE_COMPILATION_CONDITIONS = DEBUG;
				SWIFT_OPTIMIZATION_LEVEL = "-Onone";
				TARGETED_DEVICE_FAMILY = 2;
			};
			name = Debug;
		};
		24B2CA3E1E09BB2C0005982D /* Release */ = {
			isa = XCBuildConfiguration;
			buildSettings = {
				ALWAYS_SEARCH_USER_PATHS = NO;
				CLANG_ANALYZER_NONNULL = YES;
				CLANG_CXX_LANGUAGE_STANDARD = "gnu++0x";
				CLANG_CXX_LIBRARY = "libc++";
				CLANG_ENABLE_MODULES = YES;
				CLANG_ENABLE_OBJC_ARC = YES;
				CLANG_WARN_BOOL_CONVERSION = YES;
				CLANG_WARN_CONSTANT_CONVERSION = YES;
				CLANG_WARN_DIRECT_OBJC_ISA_USAGE = YES_ERROR;
				CLANG_WARN_DOCUMENTATION_COMMENTS = YES;
				CLANG_WARN_EMPTY_BODY = YES;
				CLANG_WARN_ENUM_CONVERSION = YES;
				CLANG_WARN_INFINITE_RECURSION = YES;
				CLANG_WARN_INT_CONVERSION = YES;
				CLANG_WARN_OBJC_ROOT_CLASS = YES_ERROR;
				CLANG_WARN_SUSPICIOUS_MOVE = YES;
				CLANG_WARN_UNREACHABLE_CODE = YES;
				CLANG_WARN__DUPLICATE_METHOD_MATCH = YES;
				"CODE_SIGN_IDENTITY[sdk=iphoneos*]" = "iPhone Developer";
				COPY_PHASE_STRIP = NO;
				DEBUG_INFORMATION_FORMAT = "dwarf-with-dsym";
				ENABLE_NS_ASSERTIONS = NO;
				ENABLE_STRICT_OBJC_MSGSEND = YES;
				GCC_C_LANGUAGE_STANDARD = gnu99;
				GCC_NO_COMMON_BLOCKS = YES;
				GCC_WARN_64_TO_32_BIT_CONVERSION = YES;
				GCC_WARN_ABOUT_RETURN_TYPE = YES_ERROR;
				GCC_WARN_UNDECLARED_SELECTOR = YES;
				GCC_WARN_UNINITIALIZED_AUTOS = YES_AGGRESSIVE;
				GCC_WARN_UNUSED_FUNCTION = YES;
				GCC_WARN_UNUSED_VARIABLE = YES;
				IPHONEOS_DEPLOYMENT_TARGET = 10.2;
				MTL_ENABLE_DEBUG_INFO = NO;
				SDKROOT = iphoneos;
				SWIFT_OPTIMIZATION_LEVEL = "-Owholemodule";
				TARGETED_DEVICE_FAMILY = 2;
				VALIDATE_PRODUCT = YES;
			};
			name = Release;
		};
		24B2CA401E09BB2C0005982D /* Debug */ = {
			isa = XCBuildConfiguration;
			buildSettings = {
				ASSETCATALOG_COMPILER_APPICON_NAME = AppIcon;
				INFOPLIST_FILE = EnglishZZ/Info.plist;
				IPHONEOS_DEPLOYMENT_TARGET = 9.1;
				LD_RUNPATH_SEARCH_PATHS = "$(inherited) @executable_path/Frameworks";
				PRODUCT_BUNDLE_IDENTIFIER = fr.isima.EnglishZZ;
				PRODUCT_NAME = "$(TARGET_NAME)";
				SWIFT_VERSION = 3.0;
			};
			name = Debug;
		};
		24B2CA411E09BB2C0005982D /* Release */ = {
			isa = XCBuildConfiguration;
			buildSettings = {
				ASSETCATALOG_COMPILER_APPICON_NAME = AppIcon;
				INFOPLIST_FILE = EnglishZZ/Info.plist;
				IPHONEOS_DEPLOYMENT_TARGET = 9.1;
				LD_RUNPATH_SEARCH_PATHS = "$(inherited) @executable_path/Frameworks";
				PRODUCT_BUNDLE_IDENTIFIER = fr.isima.EnglishZZ;
				PRODUCT_NAME = "$(TARGET_NAME)";
				SWIFT_VERSION = 3.0;
			};
			name = Release;
		};
/* End XCBuildConfiguration section */

/* Begin XCConfigurationList section */
		24B2CA281E09BB2B0005982D /* Build configuration list for PBXProject "EnglishZZ" */ = {
			isa = XCConfigurationList;
			buildConfigurations = (
				24B2CA3D1E09BB2C0005982D /* Debug */,
				24B2CA3E1E09BB2C0005982D /* Release */,
			);
			defaultConfigurationIsVisible = 0;
			defaultConfigurationName = Release;
		};
		24B2CA3F1E09BB2C0005982D /* Build configuration list for PBXNativeTarget "EnglishZZ" */ = {
			isa = XCConfigurationList;
			buildConfigurations = (
				24B2CA401E09BB2C0005982D /* Debug */,
				24B2CA411E09BB2C0005982D /* Release */,
			);
			defaultConfigurationIsVisible = 0;
			defaultConfigurationName = Release;
		};
/* End XCConfigurationList section */
	};
	rootObject = 24B2CA251E09BB2B0005982D /* Project object */;
}
